
Microsoft Visual Studio Solution File, Format Version 12.00
# Visual Studio Version 16
VisualStudioVersion = 16.0.30804.86
MinimumVisualStudioVersion = 10.0.40219.1
Project("{FAE04EC0-301F-11D3-BF4B-00C04F79EFBC}") = "AfterDeployingIntoDB", "AfterDeployingIntoDB\AfterDeployingIntoDB.csproj", "{D4EFC2C3-9E2F-434A-87E2-6E3D9CBA603B}"
EndProject
Project("{FAE04EC0-301F-11D3-BF4B-00C04F79EFBC}") = "DirectPackagePathExecution", "DirectPackagePathExecution\DirectPackagePathExecution.csproj", "{425AD149-826C-444D-B162-2473629EF45E}"
EndProject
Global
	GlobalSection(SolutionConfigurationPlatforms) = preSolution
		Debug|Any CPU = Debug|Any CPU
		Release|Any CPU = Release|Any CPU
	EndGlobalSection
	GlobalSection(ProjectConfigurationPlatforms) = postSolution
		{D4EFC2C3-9E2F-434A-87E2-6E3D9CBA603B}.Debug|Any CPU.ActiveCfg = Debug|Any CPU
		{D4EFC2C3-9E2F-434A-87E2-6E3D9CBA603B}.Debug|Any CPU.Build.0 = Debug|Any CPU
		{D4EFC2C3-9E2F-434A-87E2-6E3D9CBA603B}.Release|Any CPU.ActiveCfg = Release|Any CPU
		{D4EFC2C3-9E2F-434A-87E2-6E3D9CBA603B}.Release|Any CPU.Build.0 = Release|Any CPU
		{425AD149-826C-444D-B162-2473629EF45E}.Debug|Any CPU.ActiveCfg = Debug|Any CPU
		{425AD149-826C-444D-B162-2473629EF45E}.Debug|Any CPU.Build.0 = Debug|Any CPU
		{425AD149-826C-444D-B162-2473629EF45E}.Release|Any CPU.ActiveCfg = Release|Any CPU
		{425AD149-826C-444D-B162-2473629EF45E}.Release|Any CPU.Build.0 = Release|Any CPU
	EndGlobalSection
	GlobalSection(SolutionProperties) = preSolution
		HideSolutionNode = FALSE
	EndGlobalSection
	GlobalSection(ExtensibilityGlobals) = postSolution
		SolutionGuid = {CCEA99EE-76AD-4836-95B5-480644CAA0FC}
	EndGlobalSection
EndGlobal
